
Microsoft Visual Studio Solution File, Format Version 12.00
# Visual Studio Version 16
VisualStudioVersion = 16.0.30717.126
MinimumVisualStudioVersion = 10.0.40219.1
Project("{FAE04EC0-301F-11D3-BF4B-00C04F79EFBC}") = "WindowsFormsApp6", "WindowsFormsApp6\WindowsFormsApp6.csproj", "{CFD057CF-A2BC-4963-BCD4-F54A1C9EE6DE}"
EndProject
Global
	GlobalSection(SolutionConfigurationPlatforms) = preSolution
		Debug|Any CPU = Debug|Any CPU
		Release|Any CPU = Release|Any CPU
	EndGlobalSection
	GlobalSection(ProjectConfigurationPlatforms) = postSolution
		{CFD057CF-A2BC-4963-BCD4-F54A1C9EE6DE}.Debug|Any CPU.ActiveCfg = Debug|Any CPU
		{CFD057CF-A2BC-4963-BCD4-F54A1C9EE6DE}.Debug|Any CPU.Build.0 = Debug|Any CPU
		{CFD057CF-A2BC-4963-BCD4-F54A1C9EE6DE}.Release|Any CPU.ActiveCfg = Release|Any CPU
		{CFD057CF-A2BC-4963-BCD4-F54A1C9EE6DE}.Release|Any CPU.Build.0 = Release|Any CPU
	EndGlobalSection
	GlobalSection(SolutionProperties) = preSolution
		HideSolutionNode = FALSE
	EndGlobalSection
	GlobalSection(ExtensibilityGlobals) = postSolution
		SolutionGuid = {99A49EAC-3F8F-413F-AD67-2A1C386FDC26}
	EndGlobalSection
EndGlobal
